
Microsoft Visual Studio Solution File, Format Version 12.00
# Visual Studio Version 17
VisualStudioVersion = 17.3.32929.385
MinimumVisualStudioVersion = 10.0.40219.1
Project("{FAE04EC0-301F-11D3-BF4B-00C04F79EFBC}") = "Perfect Number Pro2", "Perfect Number Pro2\Perfect Number Pro2.csproj", "{0B820E72-4BBA-4589-BA76-EF7D8A89F8F8}"
EndProject
Global
	GlobalSection(SolutionConfigurationPlatforms) = preSolution
		Debug|Any CPU = Debug|Any CPU
		Release|Any CPU = Release|Any CPU
	EndGlobalSection
	GlobalSection(ProjectConfigurationPlatforms) = postSolution
		{0B820E72-4BBA-4589-BA76-EF7D8A89F8F8}.Debug|Any CPU.ActiveCfg = Debug|Any CPU
		{0B820E72-4BBA-4589-BA76-EF7D8A89F8F8}.Debug|Any CPU.Build.0 = Debug|Any CPU
		{0B820E72-4BBA-4589-BA76-EF7D8A89F8F8}.Release|Any CPU.ActiveCfg = Release|Any CPU
		{0B820E72-4BBA-4589-BA76-EF7D8A89F8F8}.Release|Any CPU.Build.0 = Release|Any CPU
	EndGlobalSection
	GlobalSection(SolutionProperties) = preSolution
		HideSolutionNode = FALSE
	EndGlobalSection
	GlobalSection(ExtensibilityGlobals) = postSolution
		SolutionGuid = {9C9E5A5E-BAD4-4C40-80BF-30AC154B0FFD}
	EndGlobalSection
EndGlobal
