
Microsoft Visual Studio Solution File, Format Version 12.00
# Visual Studio Version 17
VisualStudioVersion = 17.3.32929.385
MinimumVisualStudioVersion = 10.0.40219.1
Project("{FAE04EC0-301F-11D3-BF4B-00C04F79EFBC}") = "Prime Number Pro1", "Prime Number Pro1\Prime Number Pro1.csproj", "{CAAF5787-EBAE-42B9-BBDE-8C07884F238D}"
EndProject
Global
	GlobalSection(SolutionConfigurationPlatforms) = preSolution
		Debug|Any CPU = Debug|Any CPU
		Release|Any CPU = Release|Any CPU
	EndGlobalSection
	GlobalSection(ProjectConfigurationPlatforms) = postSolution
		{CAAF5787-EBAE-42B9-BBDE-8C07884F238D}.Debug|Any CPU.ActiveCfg = Debug|Any CPU
		{CAAF5787-EBAE-42B9-BBDE-8C07884F238D}.Debug|Any CPU.Build.0 = Debug|Any CPU
		{CAAF5787-EBAE-42B9-BBDE-8C07884F238D}.Release|Any CPU.ActiveCfg = Release|Any CPU
		{CAAF5787-EBAE-42B9-BBDE-8C07884F238D}.Release|Any CPU.Build.0 = Release|Any CPU
	EndGlobalSection
	GlobalSection(SolutionProperties) = preSolution
		HideSolutionNode = FALSE
	EndGlobalSection
	GlobalSection(ExtensibilityGlobals) = postSolution
		SolutionGuid = {6365B400-32FA-4D66-A850-D49D2CEA0486}
	EndGlobalSection
EndGlobal
